# This file is autogenerated, do not edit; changes may be undone by the next 'dep ensure'.


[[projects]]
  branch = "master"
  name = "github.com/manhtai/gopngquant"
  packages = ["."]
  revision = "8f8f2265d1b1eb6a46764c045afd5d03c2b38b1d"

[[projects]]
  branch = "master"
  name = "github.com/manhtai/imagequant"
  packages = ["."]
  revision = "a76d35dcb570dc4c564020f236d2e795dbc32295"

[solve-meta]
  analyzer-name = "dep"
  analyzer-version = 1
  inputs-digest = "e13ec8e4a9a967606aef93e73e60b5c7191c17c91f479fbf23a2175e6c0b2afa"
  solver-name = "gps-cdcl"
  solver-version = 1
